
Microsoft Visual Studio Solution File, Format Version 12.00
# Visual Studio Version 16
VisualStudioVersion = 16.0.29209.62
MinimumVisualStudioVersion = 10.0.40219.1
Project("{FAE04EC0-301F-11D3-BF4B-00C04F79EFBC}") = "ThreadTestApp", "ThreadTestApp\ThreadTestApp.csproj", "{CBDA4E5C-9706-490E-9A2E-D122A9B86F44}"
EndProject
Global
	GlobalSection(SolutionConfigurationPlatforms) = preSolution
		Debug|Any CPU = Debug|Any CPU
		Release|Any CPU = Release|Any CPU
	EndGlobalSection
	GlobalSection(ProjectConfigurationPlatforms) = postSolution
		{CBDA4E5C-9706-490E-9A2E-D122A9B86F44}.Debug|Any CPU.ActiveCfg = Debug|Any CPU
		{CBDA4E5C-9706-490E-9A2E-D122A9B86F44}.Debug|Any CPU.Build.0 = Debug|Any CPU
		{CBDA4E5C-9706-490E-9A2E-D122A9B86F44}.Release|Any CPU.ActiveCfg = Release|Any CPU
		{CBDA4E5C-9706-490E-9A2E-D122A9B86F44}.Release|Any CPU.Build.0 = Release|Any CPU
	EndGlobalSection
	GlobalSection(SolutionProperties) = preSolution
		HideSolutionNode = FALSE
	EndGlobalSection
	GlobalSection(ExtensibilityGlobals) = postSolution
		SolutionGuid = {CD4E3760-4C84-4DE3-8A93-4FED2B9981B5}
	EndGlobalSection
EndGlobal
